
Microsoft Visual Studio Solution File, Format Version 9.00
# Visual Studio 2005
Project("{8BC9CEB8-8B4A-11D0-8D11-00A0C91BC942}") = "asecmn", "cmn\asecmn.vcproj", "{17621C83-40C9-4305-BAF9-132E250B5FE3}"
EndProject
Project("{8BC9CEB8-8B4A-11D0-8D11-00A0C91BC942}") = "aseutl", "utl\aseutl.vcproj", "{C3EBBFAE-9D08-4FA2-8B0E-D09BEBF84EDD}"
EndProject
Project("{8BC9CEB8-8B4A-11D0-8D11-00A0C91BC942}") = "aseawk", "awk\aseawk.vcproj", "{5F2E77D5-1485-48D1-9371-987BC55FEE83}"
	ProjectSection(ProjectDependencies) = postProject
		{17621C83-40C9-4305-BAF9-132E250B5FE3} = {17621C83-40C9-4305-BAF9-132E250B5FE3}
	EndProjectSection
EndProject
Project("{8BC9CEB8-8B4A-11D0-8D11-00A0C91BC942}") = "aseawk_jni", "awk\aseawk_jni.vcproj", "{23B58791-FD44-4F95-9F77-34E4AF45A296}"
	ProjectSection(ProjectDependencies) = postProject
		{5F2E77D5-1485-48D1-9371-987BC55FEE83} = {5F2E77D5-1485-48D1-9371-987BC55FEE83}
		{17621C83-40C9-4305-BAF9-132E250B5FE3} = {17621C83-40C9-4305-BAF9-132E250B5FE3}
	EndProjectSection
EndProject
Project("{8BC9CEB8-8B4A-11D0-8D11-00A0C91BC942}") = "asecom", "com\asecom.vcproj", "{963AF7B5-12E6-42B6-8CBE-89136C1A109B}"
	ProjectSection(ProjectDependencies) = postProject
		{5F2E77D5-1485-48D1-9371-987BC55FEE83} = {5F2E77D5-1485-48D1-9371-987BC55FEE83}
		{C3EBBFAE-9D08-4FA2-8B0E-D09BEBF84EDD} = {C3EBBFAE-9D08-4FA2-8B0E-D09BEBF84EDD}
		{17621C83-40C9-4305-BAF9-132E250B5FE3} = {17621C83-40C9-4305-BAF9-132E250B5FE3}
	EndProjectSection
EndProject
Project("{8BC9CEB8-8B4A-11D0-8D11-00A0C91BC942}") = "aseawk", "test\awk\aseawk.vcproj", "{57F1E1D0-28B6-42BF-BAFB-045AEE2DCF4F}"
	ProjectSection(ProjectDependencies) = postProject
		{5F2E77D5-1485-48D1-9371-987BC55FEE83} = {5F2E77D5-1485-48D1-9371-987BC55FEE83}
		{C3EBBFAE-9D08-4FA2-8B0E-D09BEBF84EDD} = {C3EBBFAE-9D08-4FA2-8B0E-D09BEBF84EDD}
	EndProjectSection
EndProject
Project("{8BC9CEB8-8B4A-11D0-8D11-00A0C91BC942}") = "aselsp", "lsp\aselsp.vcproj", "{42FE7CED-34B7-45C8-92C9-8856E16640D2}"
	ProjectSection(ProjectDependencies) = postProject
		{17621C83-40C9-4305-BAF9-132E250B5FE3} = {17621C83-40C9-4305-BAF9-132E250B5FE3}
	EndProjectSection
EndProject
Project("{8BC9CEB8-8B4A-11D0-8D11-00A0C91BC942}") = "aselsp", "test\lsp\aselsp.vcproj", "{868702B0-CB6B-4F1D-B98A-32193347EFAF}"
	ProjectSection(ProjectDependencies) = postProject
		{42FE7CED-34B7-45C8-92C9-8856E16640D2} = {42FE7CED-34B7-45C8-92C9-8856E16640D2}
		{C3EBBFAE-9D08-4FA2-8B0E-D09BEBF84EDD} = {C3EBBFAE-9D08-4FA2-8B0E-D09BEBF84EDD}
	EndProjectSection
EndProject
Project("{8BC9CEB8-8B4A-11D0-8D11-00A0C91BC942}") = "aseawk++", "awk\aseawk++.vcproj", "{E7A8B741-4E9D-4ED4-9F77-E7F637A678A5}"
	ProjectSection(ProjectDependencies) = postProject
		{5F2E77D5-1485-48D1-9371-987BC55FEE83} = {5F2E77D5-1485-48D1-9371-987BC55FEE83}
	EndProjectSection
EndProject
Project("{8BC9CEB8-8B4A-11D0-8D11-00A0C91BC942}") = "aseawk++", "test\awk\aseawk++.vcproj", "{3BEA6CFE-C158-4BFB-B5FB-ED85251E3F98}"
	ProjectSection(ProjectDependencies) = postProject
		{57F1E1D0-28B6-42BF-BAFB-045AEE2DCF4F} = {57F1E1D0-28B6-42BF-BAFB-045AEE2DCF4F}
		{E7A8B741-4E9D-4ED4-9F77-E7F637A678A5} = {E7A8B741-4E9D-4ED4-9F77-E7F637A678A5}
	EndProjectSection
EndProject
Project("{8BC9CEB8-8B4A-11D0-8D11-00A0C91BC942}") = "asenet", "net\asenet.vcproj", "{A63E9DF9-1D47-4D81-834C-1D40406C18C4}"
	ProjectSection(ProjectDependencies) = postProject
		{E7A8B741-4E9D-4ED4-9F77-E7F637A678A5} = {E7A8B741-4E9D-4ED4-9F77-E7F637A678A5}
	EndProjectSection
EndProject
Project("{FAE04EC0-301F-11D3-BF4B-00C04F79EFBC}") = "asenet", "test\net\asenet.csproj", "{7CC01C3D-FC1A-4587-868A-7FC4449B3F8B}"
EndProject
Project("{2150E333-8FDC-42A3-9474-1A3956D46DE8}") = "test", "test", "{8A2F5860-6563-4617-BCE0-460F915007F8}"
EndProject
Project("{FAE04EC0-301F-11D3-BF4B-00C04F79EFBC}") = "asecom", "test\com\asecom.csproj", "{F14B75D8-3ED7-4621-B5B9-E96A80B5D809}"
	ProjectSection(ProjectDependencies) = postProject
		{963AF7B5-12E6-42B6-8CBE-89136C1A109B} = {963AF7B5-12E6-42B6-8CBE-89136C1A109B}
	EndProjectSection
EndProject
Global
	GlobalSection(SolutionConfigurationPlatforms) = preSolution
		Debug|Any CPU = Debug|Any CPU
		Debug|Mixed Platforms = Debug|Mixed Platforms
		Debug|Win32 = Debug|Win32
		Release|Any CPU = Release|Any CPU
		Release|Mixed Platforms = Release|Mixed Platforms
		Release|Win32 = Release|Win32
	EndGlobalSection
	GlobalSection(ProjectConfigurationPlatforms) = postSolution
		{17621C83-40C9-4305-BAF9-132E250B5FE3}.Debug|Any CPU.ActiveCfg = Debug|Win32
		{17621C83-40C9-4305-BAF9-132E250B5FE3}.Debug|Mixed Platforms.ActiveCfg = Debug|Win32
		{17621C83-40C9-4305-BAF9-132E250B5FE3}.Debug|Mixed Platforms.Build.0 = Debug|Win32
		{17621C83-40C9-4305-BAF9-132E250B5FE3}.Debug|Win32.ActiveCfg = Debug|Win32
		{17621C83-40C9-4305-BAF9-132E250B5FE3}.Debug|Win32.Build.0 = Debug|Win32
		{17621C83-40C9-4305-BAF9-132E250B5FE3}.Release|Any CPU.ActiveCfg = Release|Win32
		{17621C83-40C9-4305-BAF9-132E250B5FE3}.Release|Mixed Platforms.ActiveCfg = Release|Win32
		{17621C83-40C9-4305-BAF9-132E250B5FE3}.Release|Mixed Platforms.Build.0 = Release|Win32
		{17621C83-40C9-4305-BAF9-132E250B5FE3}.Release|Win32.ActiveCfg = Release|Win32
		{17621C83-40C9-4305-BAF9-132E250B5FE3}.Release|Win32.Build.0 = Release|Win32
		{C3EBBFAE-9D08-4FA2-8B0E-D09BEBF84EDD}.Debug|Any CPU.ActiveCfg = Debug|Win32
		{C3EBBFAE-9D08-4FA2-8B0E-D09BEBF84EDD}.Debug|Mixed Platforms.ActiveCfg = Debug|Win32
		{C3EBBFAE-9D08-4FA2-8B0E-D09BEBF84EDD}.Debug|Mixed Platforms.Build.0 = Debug|Win32
		{C3EBBFAE-9D08-4FA2-8B0E-D09BEBF84EDD}.Debug|Win32.ActiveCfg = Debug|Win32
		{C3EBBFAE-9D08-4FA2-8B0E-D09BEBF84EDD}.Debug|Win32.Build.0 = Debug|Win32
		{C3EBBFAE-9D08-4FA2-8B0E-D09BEBF84EDD}.Release|Any CPU.ActiveCfg = Release|Win32
		{C3EBBFAE-9D08-4FA2-8B0E-D09BEBF84EDD}.Release|Mixed Platforms.ActiveCfg = Release|Win32
		{C3EBBFAE-9D08-4FA2-8B0E-D09BEBF84EDD}.Release|Mixed Platforms.Build.0 = Release|Win32
		{C3EBBFAE-9D08-4FA2-8B0E-D09BEBF84EDD}.Release|Win32.ActiveCfg = Release|Win32
		{C3EBBFAE-9D08-4FA2-8B0E-D09BEBF84EDD}.Release|Win32.Build.0 = Release|Win32
		{5F2E77D5-1485-48D1-9371-987BC55FEE83}.Debug|Any CPU.ActiveCfg = Debug|Win32
		{5F2E77D5-1485-48D1-9371-987BC55FEE83}.Debug|Mixed Platforms.ActiveCfg = Debug|Win32
		{5F2E77D5-1485-48D1-9371-987BC55FEE83}.Debug|Mixed Platforms.Build.0 = Debug|Win32
		{5F2E77D5-1485-48D1-9371-987BC55FEE83}.Debug|Win32.ActiveCfg = Debug|Win32
		{5F2E77D5-1485-48D1-9371-987BC55FEE83}.Debug|Win32.Build.0 = Debug|Win32
		{5F2E77D5-1485-48D1-9371-987BC55FEE83}.Release|Any CPU.ActiveCfg = Release|Win32
		{5F2E77D5-1485-48D1-9371-987BC55FEE83}.Release|Mixed Platforms.ActiveCfg = Release|Win32
		{5F2E77D5-1485-48D1-9371-987BC55FEE83}.Release|Mixed Platforms.Build.0 = Release|Win32
		{5F2E77D5-1485-48D1-9371-987BC55FEE83}.Release|Win32.ActiveCfg = Release|Win32
		{5F2E77D5-1485-48D1-9371-987BC55FEE83}.Release|Win32.Build.0 = Release|Win32
		{23B58791-FD44-4F95-9F77-34E4AF45A296}.Debug|Any CPU.ActiveCfg = Debug|Win32
		{23B58791-FD44-4F95-9F77-34E4AF45A296}.Debug|Mixed Platforms.ActiveCfg = Debug|Win32
		{23B58791-FD44-4F95-9F77-34E4AF45A296}.Debug|Mixed Platforms.Build.0 = Debug|Win32
		{23B58791-FD44-4F95-9F77-34E4AF45A296}.Debug|Win32.ActiveCfg = Debug|Win32
		{23B58791-FD44-4F95-9F77-34E4AF45A296}.Debug|Win32.Build.0 = Debug|Win32
		{23B58791-FD44-4F95-9F77-34E4AF45A296}.Release|Any CPU.ActiveCfg = Release|Win32
		{23B58791-FD44-4F95-9F77-34E4AF45A296}.Release|Mixed Platforms.ActiveCfg = Release|Win32
		{23B58791-FD44-4F95-9F77-34E4AF45A296}.Release|Mixed Platforms.Build.0 = Release|Win32
		{23B58791-FD44-4F95-9F77-34E4AF45A296}.Release|Win32.ActiveCfg = Release|Win32
		{23B58791-FD44-4F95-9F77-34E4AF45A296}.Release|Win32.Build.0 = Release|Win32
		{963AF7B5-12E6-42B6-8CBE-89136C1A109B}.Debug|Any CPU.ActiveCfg = Debug|Win32
		{963AF7B5-12E6-42B6-8CBE-89136C1A109B}.Debug|Mixed Platforms.ActiveCfg = Debug|Win32
		{963AF7B5-12E6-42B6-8CBE-89136C1A109B}.Debug|Mixed Platforms.Build.0 = Debug|Win32
		{963AF7B5-12E6-42B6-8CBE-89136C1A109B}.Debug|Win32.ActiveCfg = Debug|Win32
		{963AF7B5-12E6-42B6-8CBE-89136C1A109B}.Debug|Win32.Build.0 = Debug|Win32
		{963AF7B5-12E6-42B6-8CBE-89136C1A109B}.Release|Any CPU.ActiveCfg = Release|Win32
		{963AF7B5-12E6-42B6-8CBE-89136C1A109B}.Release|Mixed Platforms.ActiveCfg = Release|Win32
		{963AF7B5-12E6-42B6-8CBE-89136C1A109B}.Release|Mixed Platforms.Build.0 = Release|Win32
		{963AF7B5-12E6-42B6-8CBE-89136C1A109B}.Release|Win32.ActiveCfg = Release|Win32
		{963AF7B5-12E6-42B6-8CBE-89136C1A109B}.Release|Win32.Build.0 = Release|Win32
		{57F1E1D0-28B6-42BF-BAFB-045AEE2DCF4F}.Debug|Any CPU.ActiveCfg = Debug|Win32
		{57F1E1D0-28B6-42BF-BAFB-045AEE2DCF4F}.Debug|Mixed Platforms.ActiveCfg = Debug|Win32
		{57F1E1D0-28B6-42BF-BAFB-045AEE2DCF4F}.Debug|Mixed Platforms.Build.0 = Debug|Win32
		{57F1E1D0-28B6-42BF-BAFB-045AEE2DCF4F}.Debug|Win32.ActiveCfg = Debug|Win32
		{57F1E1D0-28B6-42BF-BAFB-045AEE2DCF4F}.Debug|Win32.Build.0 = Debug|Win32
		{57F1E1D0-28B6-42BF-BAFB-045AEE2DCF4F}.Release|Any CPU.ActiveCfg = Release|Win32
		{57F1E1D0-28B6-42BF-BAFB-045AEE2DCF4F}.Release|Mixed Platforms.ActiveCfg = Release|Win32
		{57F1E1D0-28B6-42BF-BAFB-045AEE2DCF4F}.Release|Mixed Platforms.Build.0 = Release|Win32
		{57F1E1D0-28B6-42BF-BAFB-045AEE2DCF4F}.Release|Win32.ActiveCfg = Release|Win32
		{57F1E1D0-28B6-42BF-BAFB-045AEE2DCF4F}.Release|Win32.Build.0 = Release|Win32
		{42FE7CED-34B7-45C8-92C9-8856E16640D2}.Debug|Any CPU.ActiveCfg = Debug|Win32
		{42FE7CED-34B7-45C8-92C9-8856E16640D2}.Debug|Mixed Platforms.ActiveCfg = Debug|Win32
		{42FE7CED-34B7-45C8-92C9-8856E16640D2}.Debug|Mixed Platforms.Build.0 = Debug|Win32
		{42FE7CED-34B7-45C8-92C9-8856E16640D2}.Debug|Win32.ActiveCfg = Debug|Win32
		{42FE7CED-34B7-45C8-92C9-8856E16640D2}.Debug|Win32.Build.0 = Debug|Win32
		{42FE7CED-34B7-45C8-92C9-8856E16640D2}.Release|Any CPU.ActiveCfg = Release|Win32
		{42FE7CED-34B7-45C8-92C9-8856E16640D2}.Release|Mixed Platforms.ActiveCfg = Release|Win32
		{42FE7CED-34B7-45C8-92C9-8856E16640D2}.Release|Mixed Platforms.Build.0 = Release|Win32
		{42FE7CED-34B7-45C8-92C9-8856E16640D2}.Release|Win32.ActiveCfg = Release|Win32
		{42FE7CED-34B7-45C8-92C9-8856E16640D2}.Release|Win32.Build.0 = Release|Win32
		{868702B0-CB6B-4F1D-B98A-32193347EFAF}.Debug|Any CPU.ActiveCfg = Debug|Win32
		{868702B0-CB6B-4F1D-B98A-32193347EFAF}.Debug|Mixed Platforms.ActiveCfg = Debug|Win32
		{868702B0-CB6B-4F1D-B98A-32193347EFAF}.Debug|Mixed Platforms.Build.0 = Debug|Win32
		{868702B0-CB6B-4F1D-B98A-32193347EFAF}.Debug|Win32.ActiveCfg = Debug|Win32
		{868702B0-CB6B-4F1D-B98A-32193347EFAF}.Debug|Win32.Build.0 = Debug|Win32
		{868702B0-CB6B-4F1D-B98A-32193347EFAF}.Release|Any CPU.ActiveCfg = Release|Win32
		{868702B0-CB6B-4F1D-B98A-32193347EFAF}.Release|Mixed Platforms.ActiveCfg = Release|Win32
		{868702B0-CB6B-4F1D-B98A-32193347EFAF}.Release|Mixed Platforms.Build.0 = Release|Win32
		{868702B0-CB6B-4F1D-B98A-32193347EFAF}.Release|Win32.ActiveCfg = Release|Win32
		{868702B0-CB6B-4F1D-B98A-32193347EFAF}.Release|Win32.Build.0 = Release|Win32
		{E7A8B741-4E9D-4ED4-9F77-E7F637A678A5}.Debug|Any CPU.ActiveCfg = Debug|Win32
		{E7A8B741-4E9D-4ED4-9F77-E7F637A678A5}.Debug|Mixed Platforms.ActiveCfg = Debug|Win32
		{E7A8B741-4E9D-4ED4-9F77-E7F637A678A5}.Debug|Mixed Platforms.Build.0 = Debug|Win32
		{E7A8B741-4E9D-4ED4-9F77-E7F637A678A5}.Debug|Win32.ActiveCfg = Debug|Win32
		{E7A8B741-4E9D-4ED4-9F77-E7F637A678A5}.Debug|Win32.Build.0 = Debug|Win32
		{E7A8B741-4E9D-4ED4-9F77-E7F637A678A5}.Release|Any CPU.ActiveCfg = Release|Win32
		{E7A8B741-4E9D-4ED4-9F77-E7F637A678A5}.Release|Mixed Platforms.ActiveCfg = Release|Win32
		{E7A8B741-4E9D-4ED4-9F77-E7F637A678A5}.Release|Mixed Platforms.Build.0 = Release|Win32
		{E7A8B741-4E9D-4ED4-9F77-E7F637A678A5}.Release|Win32.ActiveCfg = Release|Win32
		{E7A8B741-4E9D-4ED4-9F77-E7F637A678A5}.Release|Win32.Build.0 = Release|Win32
		{3BEA6CFE-C158-4BFB-B5FB-ED85251E3F98}.Debug|Any CPU.ActiveCfg = Debug|Win32
		{3BEA6CFE-C158-4BFB-B5FB-ED85251E3F98}.Debug|Mixed Platforms.ActiveCfg = Debug|Win32
		{3BEA6CFE-C158-4BFB-B5FB-ED85251E3F98}.Debug|Mixed Platforms.Build.0 = Debug|Win32
		{3BEA6CFE-C158-4BFB-B5FB-ED85251E3F98}.Debug|Win32.ActiveCfg = Debug|Win32
		{3BEA6CFE-C158-4BFB-B5FB-ED85251E3F98}.Debug|Win32.Build.0 = Debug|Win32
		{3BEA6CFE-C158-4BFB-B5FB-ED85251E3F98}.Release|Any CPU.ActiveCfg = Release|Win32
		{3BEA6CFE-C158-4BFB-B5FB-ED85251E3F98}.Release|Mixed Platforms.ActiveCfg = Release|Win32
		{3BEA6CFE-C158-4BFB-B5FB-ED85251E3F98}.Release|Mixed Platforms.Build.0 = Release|Win32
		{3BEA6CFE-C158-4BFB-B5FB-ED85251E3F98}.Release|Win32.ActiveCfg = Release|Win32
		{3BEA6CFE-C158-4BFB-B5FB-ED85251E3F98}.Release|Win32.Build.0 = Release|Win32
		{A63E9DF9-1D47-4D81-834C-1D40406C18C4}.Debug|Any CPU.ActiveCfg = Debug|Win32
		{A63E9DF9-1D47-4D81-834C-1D40406C18C4}.Debug|Mixed Platforms.ActiveCfg = Debug|Win32
		{A63E9DF9-1D47-4D81-834C-1D40406C18C4}.Debug|Mixed Platforms.Build.0 = Debug|Win32
		{A63E9DF9-1D47-4D81-834C-1D40406C18C4}.Debug|Win32.ActiveCfg = Debug|Win32
		{A63E9DF9-1D47-4D81-834C-1D40406C18C4}.Debug|Win32.Build.0 = Debug|Win32
		{A63E9DF9-1D47-4D81-834C-1D40406C18C4}.Release|Any CPU.ActiveCfg = Release|Win32
		{A63E9DF9-1D47-4D81-834C-1D40406C18C4}.Release|Mixed Platforms.ActiveCfg = Release|Win32
		{A63E9DF9-1D47-4D81-834C-1D40406C18C4}.Release|Mixed Platforms.Build.0 = Release|Win32
		{A63E9DF9-1D47-4D81-834C-1D40406C18C4}.Release|Win32.ActiveCfg = Release|Win32
		{A63E9DF9-1D47-4D81-834C-1D40406C18C4}.Release|Win32.Build.0 = Release|Win32
		{7CC01C3D-FC1A-4587-868A-7FC4449B3F8B}.Debug|Any CPU.ActiveCfg = Debug|Any CPU
		{7CC01C3D-FC1A-4587-868A-7FC4449B3F8B}.Debug|Any CPU.Build.0 = Debug|Any CPU
		{7CC01C3D-FC1A-4587-868A-7FC4449B3F8B}.Debug|Mixed Platforms.ActiveCfg = Debug|Any CPU
		{7CC01C3D-FC1A-4587-868A-7FC4449B3F8B}.Debug|Mixed Platforms.Build.0 = Debug|Any CPU
		{7CC01C3D-FC1A-4587-868A-7FC4449B3F8B}.Debug|Win32.ActiveCfg = Debug|Any CPU
		{7CC01C3D-FC1A-4587-868A-7FC4449B3F8B}.Release|Any CPU.ActiveCfg = Release|Any CPU
		{7CC01C3D-FC1A-4587-868A-7FC4449B3F8B}.Release|Any CPU.Build.0 = Release|Any CPU
		{7CC01C3D-FC1A-4587-868A-7FC4449B3F8B}.Release|Mixed Platforms.ActiveCfg = Release|Any CPU
		{7CC01C3D-FC1A-4587-868A-7FC4449B3F8B}.Release|Mixed Platforms.Build.0 = Release|Any CPU
		{7CC01C3D-FC1A-4587-868A-7FC4449B3F8B}.Release|Win32.ActiveCfg = Release|Any CPU
		{F14B75D8-3ED7-4621-B5B9-E96A80B5D809}.Debug|Any CPU.ActiveCfg = Debug|Any CPU
		{F14B75D8-3ED7-4621-B5B9-E96A80B5D809}.Debug|Any CPU.Build.0 = Debug|Any CPU
		{F14B75D8-3ED7-4621-B5B9-E96A80B5D809}.Debug|Mixed Platforms.ActiveCfg = Debug|Any CPU
		{F14B75D8-3ED7-4621-B5B9-E96A80B5D809}.Debug|Mixed Platforms.Build.0 = Debug|Any CPU
		{F14B75D8-3ED7-4621-B5B9-E96A80B5D809}.Debug|Win32.ActiveCfg = Debug|Any CPU
		{F14B75D8-3ED7-4621-B5B9-E96A80B5D809}.Release|Any CPU.ActiveCfg = Release|Any CPU
		{F14B75D8-3ED7-4621-B5B9-E96A80B5D809}.Release|Any CPU.Build.0 = Release|Any CPU
		{F14B75D8-3ED7-4621-B5B9-E96A80B5D809}.Release|Mixed Platforms.ActiveCfg = Release|Any CPU
		{F14B75D8-3ED7-4621-B5B9-E96A80B5D809}.Release|Mixed Platforms.Build.0 = Release|Any CPU
		{F14B75D8-3ED7-4621-B5B9-E96A80B5D809}.Release|Win32.ActiveCfg = Release|Any CPU
	EndGlobalSection
	GlobalSection(SolutionProperties) = preSolution
		HideSolutionNode = FALSE
	EndGlobalSection
	GlobalSection(NestedProjects) = preSolution
		{868702B0-CB6B-4F1D-B98A-32193347EFAF} = {8A2F5860-6563-4617-BCE0-460F915007F8}
		{3BEA6CFE-C158-4BFB-B5FB-ED85251E3F98} = {8A2F5860-6563-4617-BCE0-460F915007F8}
		{7CC01C3D-FC1A-4587-868A-7FC4449B3F8B} = {8A2F5860-6563-4617-BCE0-460F915007F8}
		{57F1E1D0-28B6-42BF-BAFB-045AEE2DCF4F} = {8A2F5860-6563-4617-BCE0-460F915007F8}
		{F14B75D8-3ED7-4621-B5B9-E96A80B5D809} = {8A2F5860-6563-4617-BCE0-460F915007F8}
	EndGlobalSection
EndGlobal
