
Microsoft Visual Studio Solution File, Format Version 9.00
# Visual Studio 2005
Project("{8BC9CEB8-8B4A-11D0-8D11-00A0C91BC942}") = "asecmn", "cmn\asecmn.vcproj", "{17621C83-40C9-4305-BAF9-132E250B5FE3}"
EndProject
Project("{8BC9CEB8-8B4A-11D0-8D11-00A0C91BC942}") = "aseutl", "utl\aseutl.vcproj", "{C3EBBFAE-9D08-4FA2-8B0E-D09BEBF84EDD}"
EndProject
Project("{8BC9CEB8-8B4A-11D0-8D11-00A0C91BC942}") = "aseawk", "awk\aseawk.vcproj", "{5F2E77D5-1485-48D1-9371-987BC55FEE83}"
	ProjectSection(ProjectDependencies) = postProject
		{17621C83-40C9-4305-BAF9-132E250B5FE3} = {17621C83-40C9-4305-BAF9-132E250B5FE3}
	EndProjectSection
EndProject
Project("{8BC9CEB8-8B4A-11D0-8D11-00A0C91BC942}") = "aesawk_jni", "awk\aseawk_jni.vcproj", "{23B58791-FD44-4F95-9F77-34E4AF45A296}"
	ProjectSection(ProjectDependencies) = postProject
		{17621C83-40C9-4305-BAF9-132E250B5FE3} = {17621C83-40C9-4305-BAF9-132E250B5FE3}
		{5F2E77D5-1485-48D1-9371-987BC55FEE83} = {5F2E77D5-1485-48D1-9371-987BC55FEE83}
	EndProjectSection
EndProject
Project("{8BC9CEB8-8B4A-11D0-8D11-00A0C91BC942}") = "asecom", "com\asecom.vcproj", "{963AF7B5-12E6-42B6-8CBE-89136C1A109B}"
	ProjectSection(ProjectDependencies) = postProject
		{C3EBBFAE-9D08-4FA2-8B0E-D09BEBF84EDD} = {C3EBBFAE-9D08-4FA2-8B0E-D09BEBF84EDD}
		{5F2E77D5-1485-48D1-9371-987BC55FEE83} = {5F2E77D5-1485-48D1-9371-987BC55FEE83}
	EndProjectSection
EndProject
Project("{8BC9CEB8-8B4A-11D0-8D11-00A0C91BC942}") = "asetestawk", "test\awk\asetestawk.vcproj", "{57F1E1D0-28B6-42BF-BAFB-045AEE2DCF4F}"
	ProjectSection(ProjectDependencies) = postProject
		{C3EBBFAE-9D08-4FA2-8B0E-D09BEBF84EDD} = {C3EBBFAE-9D08-4FA2-8B0E-D09BEBF84EDD}
		{5F2E77D5-1485-48D1-9371-987BC55FEE83} = {5F2E77D5-1485-48D1-9371-987BC55FEE83}
	EndProjectSection
EndProject
Project("{8BC9CEB8-8B4A-11D0-8D11-00A0C91BC942}") = "aselsp", "lsp\aselsp.vcproj", "{42FE7CED-34B7-45C8-92C9-8856E16640D2}"
	ProjectSection(ProjectDependencies) = postProject
		{17621C83-40C9-4305-BAF9-132E250B5FE3} = {17621C83-40C9-4305-BAF9-132E250B5FE3}
	EndProjectSection
EndProject
Project("{8BC9CEB8-8B4A-11D0-8D11-00A0C91BC942}") = "asetestlsp", "test\lsp\asetestlsp.vcproj", "{868702B0-CB6B-4F1D-B98A-32193347EFAF}"
	ProjectSection(ProjectDependencies) = postProject
		{C3EBBFAE-9D08-4FA2-8B0E-D09BEBF84EDD} = {C3EBBFAE-9D08-4FA2-8B0E-D09BEBF84EDD}
		{42FE7CED-34B7-45C8-92C9-8856E16640D2} = {42FE7CED-34B7-45C8-92C9-8856E16640D2}
	EndProjectSection
EndProject
Project("{FAE04EC0-301F-11D3-BF4B-00C04F79EFBC}") = "asetestcom", "test\com\asetestcom.csproj", "{F14B75D8-3ED7-4621-B5B9-E96A80B5D809}"
EndProject
Project("{8BC9CEB8-8B4A-11D0-8D11-00A0C91BC942}") = "asenet", "net\asenet.vcproj", "{4CBF0E86-D018-49D7-A6B8-0CDA698203F7}"
EndProject
Global
	GlobalSection(SolutionConfigurationPlatforms) = preSolution
		Debug|Any CPU = Debug|Any CPU
		Debug|Mixed Platforms = Debug|Mixed Platforms
		Debug|Win32 = Debug|Win32
		Release|Any CPU = Release|Any CPU
		Release|Mixed Platforms = Release|Mixed Platforms
		Release|Win32 = Release|Win32
	EndGlobalSection
	GlobalSection(ProjectConfigurationPlatforms) = postSolution
		{17621C83-40C9-4305-BAF9-132E250B5FE3}.Debug|Any CPU.ActiveCfg = Debug|Win32
		{17621C83-40C9-4305-BAF9-132E250B5FE3}.Debug|Mixed Platforms.ActiveCfg = Debug|Win32
		{17621C83-40C9-4305-BAF9-132E250B5FE3}.Debug|Mixed Platforms.Build.0 = Debug|Win32
		{17621C83-40C9-4305-BAF9-132E250B5FE3}.Debug|Win32.ActiveCfg = Debug|Win32
		{17621C83-40C9-4305-BAF9-132E250B5FE3}.Debug|Win32.Build.0 = Debug|Win32
		{17621C83-40C9-4305-BAF9-132E250B5FE3}.Release|Any CPU.ActiveCfg = Release|Win32
		{17621C83-40C9-4305-BAF9-132E250B5FE3}.Release|Mixed Platforms.ActiveCfg = Release|Win32
		{17621C83-40C9-4305-BAF9-132E250B5FE3}.Release|Mixed Platforms.Build.0 = Release|Win32
		{17621C83-40C9-4305-BAF9-132E250B5FE3}.Release|Win32.ActiveCfg = Release|Win32
		{17621C83-40C9-4305-BAF9-132E250B5FE3}.Release|Win32.Build.0 = Release|Win32
		{C3EBBFAE-9D08-4FA2-8B0E-D09BEBF84EDD}.Debug|Any CPU.ActiveCfg = Debug|Win32
		{C3EBBFAE-9D08-4FA2-8B0E-D09BEBF84EDD}.Debug|Mixed Platforms.ActiveCfg = Debug|Win32
		{C3EBBFAE-9D08-4FA2-8B0E-D09BEBF84EDD}.Debug|Mixed Platforms.Build.0 = Debug|Win32
		{C3EBBFAE-9D08-4FA2-8B0E-D09BEBF84EDD}.Debug|Win32.ActiveCfg = Debug|Win32
		{C3EBBFAE-9D08-4FA2-8B0E-D09BEBF84EDD}.Debug|Win32.Build.0 = Debug|Win32
		{C3EBBFAE-9D08-4FA2-8B0E-D09BEBF84EDD}.Release|Any CPU.ActiveCfg = Release|Win32
		{C3EBBFAE-9D08-4FA2-8B0E-D09BEBF84EDD}.Release|Mixed Platforms.ActiveCfg = Release|Win32
		{C3EBBFAE-9D08-4FA2-8B0E-D09BEBF84EDD}.Release|Mixed Platforms.Build.0 = Release|Win32
		{C3EBBFAE-9D08-4FA2-8B0E-D09BEBF84EDD}.Release|Win32.ActiveCfg = Release|Win32
		{C3EBBFAE-9D08-4FA2-8B0E-D09BEBF84EDD}.Release|Win32.Build.0 = Release|Win32
		{5F2E77D5-1485-48D1-9371-987BC55FEE83}.Debug|Any CPU.ActiveCfg = Debug|Win32
		{5F2E77D5-1485-48D1-9371-987BC55FEE83}.Debug|Mixed Platforms.ActiveCfg = Debug|Win32
		{5F2E77D5-1485-48D1-9371-987BC55FEE83}.Debug|Mixed Platforms.Build.0 = Debug|Win32
		{5F2E77D5-1485-48D1-9371-987BC55FEE83}.Debug|Win32.ActiveCfg = Debug|Win32
		{5F2E77D5-1485-48D1-9371-987BC55FEE83}.Debug|Win32.Build.0 = Debug|Win32
		{5F2E77D5-1485-48D1-9371-987BC55FEE83}.Release|Any CPU.ActiveCfg = Release|Win32
		{5F2E77D5-1485-48D1-9371-987BC55FEE83}.Release|Mixed Platforms.ActiveCfg = Release|Win32
		{5F2E77D5-1485-48D1-9371-987BC55FEE83}.Release|Mixed Platforms.Build.0 = Release|Win32
		{5F2E77D5-1485-48D1-9371-987BC55FEE83}.Release|Win32.ActiveCfg = Release|Win32
		{5F2E77D5-1485-48D1-9371-987BC55FEE83}.Release|Win32.Build.0 = Release|Win32
		{23B58791-FD44-4F95-9F77-34E4AF45A296}.Debug|Any CPU.ActiveCfg = Debug|Win32
		{23B58791-FD44-4F95-9F77-34E4AF45A296}.Debug|Mixed Platforms.ActiveCfg = Debug|Win32
		{23B58791-FD44-4F95-9F77-34E4AF45A296}.Debug|Mixed Platforms.Build.0 = Debug|Win32
		{23B58791-FD44-4F95-9F77-34E4AF45A296}.Debug|Win32.ActiveCfg = Debug|Win32
		{23B58791-FD44-4F95-9F77-34E4AF45A296}.Debug|Win32.Build.0 = Debug|Win32
		{23B58791-FD44-4F95-9F77-34E4AF45A296}.Release|Any CPU.ActiveCfg = Release|Win32
		{23B58791-FD44-4F95-9F77-34E4AF45A296}.Release|Mixed Platforms.ActiveCfg = Release|Win32
		{23B58791-FD44-4F95-9F77-34E4AF45A296}.Release|Mixed Platforms.Build.0 = Release|Win32
		{23B58791-FD44-4F95-9F77-34E4AF45A296}.Release|Win32.ActiveCfg = Release|Win32
		{23B58791-FD44-4F95-9F77-34E4AF45A296}.Release|Win32.Build.0 = Release|Win32
		{963AF7B5-12E6-42B6-8CBE-89136C1A109B}.Debug|Any CPU.ActiveCfg = Debug|Win32
		{963AF7B5-12E6-42B6-8CBE-89136C1A109B}.Debug|Mixed Platforms.ActiveCfg = Debug|Win32
		{963AF7B5-12E6-42B6-8CBE-89136C1A109B}.Debug|Mixed Platforms.Build.0 = Debug|Win32
		{963AF7B5-12E6-42B6-8CBE-89136C1A109B}.Debug|Win32.ActiveCfg = Debug|Win32
		{963AF7B5-12E6-42B6-8CBE-89136C1A109B}.Debug|Win32.Build.0 = Debug|Win32
		{963AF7B5-12E6-42B6-8CBE-89136C1A109B}.Release|Any CPU.ActiveCfg = Release|Win32
		{963AF7B5-12E6-42B6-8CBE-89136C1A109B}.Release|Mixed Platforms.ActiveCfg = Release|Win32
		{963AF7B5-12E6-42B6-8CBE-89136C1A109B}.Release|Mixed Platforms.Build.0 = Release|Win32
		{963AF7B5-12E6-42B6-8CBE-89136C1A109B}.Release|Win32.ActiveCfg = Release|Win32
		{963AF7B5-12E6-42B6-8CBE-89136C1A109B}.Release|Win32.Build.0 = Release|Win32
		{57F1E1D0-28B6-42BF-BAFB-045AEE2DCF4F}.Debug|Any CPU.ActiveCfg = Debug|Win32
		{57F1E1D0-28B6-42BF-BAFB-045AEE2DCF4F}.Debug|Mixed Platforms.ActiveCfg = Debug|Win32
		{57F1E1D0-28B6-42BF-BAFB-045AEE2DCF4F}.Debug|Mixed Platforms.Build.0 = Debug|Win32
		{57F1E1D0-28B6-42BF-BAFB-045AEE2DCF4F}.Debug|Win32.ActiveCfg = Debug|Win32
		{57F1E1D0-28B6-42BF-BAFB-045AEE2DCF4F}.Debug|Win32.Build.0 = Debug|Win32
		{57F1E1D0-28B6-42BF-BAFB-045AEE2DCF4F}.Release|Any CPU.ActiveCfg = Release|Win32
		{57F1E1D0-28B6-42BF-BAFB-045AEE2DCF4F}.Release|Mixed Platforms.ActiveCfg = Release|Win32
		{57F1E1D0-28B6-42BF-BAFB-045AEE2DCF4F}.Release|Mixed Platforms.Build.0 = Release|Win32
		{57F1E1D0-28B6-42BF-BAFB-045AEE2DCF4F}.Release|Win32.ActiveCfg = Release|Win32
		{57F1E1D0-28B6-42BF-BAFB-045AEE2DCF4F}.Release|Win32.Build.0 = Release|Win32
		{42FE7CED-34B7-45C8-92C9-8856E16640D2}.Debug|Any CPU.ActiveCfg = Debug|Win32
		{42FE7CED-34B7-45C8-92C9-8856E16640D2}.Debug|Mixed Platforms.ActiveCfg = Debug|Win32
		{42FE7CED-34B7-45C8-92C9-8856E16640D2}.Debug|Mixed Platforms.Build.0 = Debug|Win32
		{42FE7CED-34B7-45C8-92C9-8856E16640D2}.Debug|Win32.ActiveCfg = Debug|Win32
		{42FE7CED-34B7-45C8-92C9-8856E16640D2}.Debug|Win32.Build.0 = Debug|Win32
		{42FE7CED-34B7-45C8-92C9-8856E16640D2}.Release|Any CPU.ActiveCfg = Release|Win32
		{42FE7CED-34B7-45C8-92C9-8856E16640D2}.Release|Mixed Platforms.ActiveCfg = Release|Win32
		{42FE7CED-34B7-45C8-92C9-8856E16640D2}.Release|Mixed Platforms.Build.0 = Release|Win32
		{42FE7CED-34B7-45C8-92C9-8856E16640D2}.Release|Win32.ActiveCfg = Release|Win32
		{42FE7CED-34B7-45C8-92C9-8856E16640D2}.Release|Win32.Build.0 = Release|Win32
		{868702B0-CB6B-4F1D-B98A-32193347EFAF}.Debug|Any CPU.ActiveCfg = Debug|Win32
		{868702B0-CB6B-4F1D-B98A-32193347EFAF}.Debug|Mixed Platforms.ActiveCfg = Debug|Win32
		{868702B0-CB6B-4F1D-B98A-32193347EFAF}.Debug|Mixed Platforms.Build.0 = Debug|Win32
		{868702B0-CB6B-4F1D-B98A-32193347EFAF}.Debug|Win32.ActiveCfg = Debug|Win32
		{868702B0-CB6B-4F1D-B98A-32193347EFAF}.Debug|Win32.Build.0 = Debug|Win32
		{868702B0-CB6B-4F1D-B98A-32193347EFAF}.Release|Any CPU.ActiveCfg = Release|Win32
		{868702B0-CB6B-4F1D-B98A-32193347EFAF}.Release|Mixed Platforms.ActiveCfg = Release|Win32
		{868702B0-CB6B-4F1D-B98A-32193347EFAF}.Release|Mixed Platforms.Build.0 = Release|Win32
		{868702B0-CB6B-4F1D-B98A-32193347EFAF}.Release|Win32.ActiveCfg = Release|Win32
		{868702B0-CB6B-4F1D-B98A-32193347EFAF}.Release|Win32.Build.0 = Release|Win32
		{F14B75D8-3ED7-4621-B5B9-E96A80B5D809}.Debug|Any CPU.ActiveCfg = Debug|Any CPU
		{F14B75D8-3ED7-4621-B5B9-E96A80B5D809}.Debug|Any CPU.Build.0 = Debug|Any CPU
		{F14B75D8-3ED7-4621-B5B9-E96A80B5D809}.Debug|Mixed Platforms.ActiveCfg = Debug|Any CPU
		{F14B75D8-3ED7-4621-B5B9-E96A80B5D809}.Debug|Mixed Platforms.Build.0 = Debug|Any CPU
		{F14B75D8-3ED7-4621-B5B9-E96A80B5D809}.Debug|Win32.ActiveCfg = Debug|Any CPU
		{F14B75D8-3ED7-4621-B5B9-E96A80B5D809}.Release|Any CPU.ActiveCfg = Release|Any CPU
		{F14B75D8-3ED7-4621-B5B9-E96A80B5D809}.Release|Any CPU.Build.0 = Release|Any CPU
		{F14B75D8-3ED7-4621-B5B9-E96A80B5D809}.Release|Mixed Platforms.ActiveCfg = Release|Any CPU
		{F14B75D8-3ED7-4621-B5B9-E96A80B5D809}.Release|Mixed Platforms.Build.0 = Release|Any CPU
		{F14B75D8-3ED7-4621-B5B9-E96A80B5D809}.Release|Win32.ActiveCfg = Release|Any CPU
		{4CBF0E86-D018-49D7-A6B8-0CDA698203F7}.Debug|Any CPU.ActiveCfg = Debug|Win32
		{4CBF0E86-D018-49D7-A6B8-0CDA698203F7}.Debug|Mixed Platforms.ActiveCfg = Debug|Win32
		{4CBF0E86-D018-49D7-A6B8-0CDA698203F7}.Debug|Mixed Platforms.Build.0 = Debug|Win32
		{4CBF0E86-D018-49D7-A6B8-0CDA698203F7}.Debug|Win32.ActiveCfg = Debug|Win32
		{4CBF0E86-D018-49D7-A6B8-0CDA698203F7}.Debug|Win32.Build.0 = Debug|Win32
		{4CBF0E86-D018-49D7-A6B8-0CDA698203F7}.Release|Any CPU.ActiveCfg = Release|Win32
		{4CBF0E86-D018-49D7-A6B8-0CDA698203F7}.Release|Mixed Platforms.ActiveCfg = Release|Win32
		{4CBF0E86-D018-49D7-A6B8-0CDA698203F7}.Release|Mixed Platforms.Build.0 = Release|Win32
		{4CBF0E86-D018-49D7-A6B8-0CDA698203F7}.Release|Win32.ActiveCfg = Release|Win32
		{4CBF0E86-D018-49D7-A6B8-0CDA698203F7}.Release|Win32.Build.0 = Release|Win32
	EndGlobalSection
	GlobalSection(SolutionProperties) = preSolution
		HideSolutionNode = FALSE
	EndGlobalSection
EndGlobal
